
Microsoft Visual Studio Solution File, Format Version 12.00
# Visual Studio Version 16
VisualStudioVersion = 16.0.30204.135
MinimumVisualStudioVersion = 10.0.40219.1
Project("{9A19103F-16F7-4668-BE54-9A1E7A4F7556}") = "ChinookApp", "ChinookApp\ChinookApp.csproj", "{147DB366-7B17-4280-B2EF-D26290439C5D}"
EndProject
Project("{FAE04EC0-301F-11D3-BF4B-00C04F79EFBC}") = "DataAccess", "DataAccess\DataAccess.csproj", "{F7FA00D4-AEA4-4902-9A4F-0A86E56F1CB1}"
EndProject
Global
	GlobalSection(SolutionConfigurationPlatforms) = preSolution
		Debug|Any CPU = Debug|Any CPU
		Release|Any CPU = Release|Any CPU
	EndGlobalSection
	GlobalSection(ProjectConfigurationPlatforms) = postSolution
		{147DB366-7B17-4280-B2EF-D26290439C5D}.Debug|Any CPU.ActiveCfg = Debug|Any CPU
		{147DB366-7B17-4280-B2EF-D26290439C5D}.Debug|Any CPU.Build.0 = Debug|Any CPU
		{147DB366-7B17-4280-B2EF-D26290439C5D}.Release|Any CPU.ActiveCfg = Release|Any CPU
		{147DB366-7B17-4280-B2EF-D26290439C5D}.Release|Any CPU.Build.0 = Release|Any CPU
		{F7FA00D4-AEA4-4902-9A4F-0A86E56F1CB1}.Debug|Any CPU.ActiveCfg = Debug|Any CPU
		{F7FA00D4-AEA4-4902-9A4F-0A86E56F1CB1}.Debug|Any CPU.Build.0 = Debug|Any CPU
		{F7FA00D4-AEA4-4902-9A4F-0A86E56F1CB1}.Release|Any CPU.ActiveCfg = Release|Any CPU
		{F7FA00D4-AEA4-4902-9A4F-0A86E56F1CB1}.Release|Any CPU.Build.0 = Release|Any CPU
	EndGlobalSection
	GlobalSection(SolutionProperties) = preSolution
		HideSolutionNode = FALSE
	EndGlobalSection
	GlobalSection(ExtensibilityGlobals) = postSolution
		SolutionGuid = {55C2FA41-26DF-4F2A-A0D0-B04DBF519BC7}
	EndGlobalSection
EndGlobal
